{
  "name": "gh-package-dependency-test",
  "version": "1.0.0",
  "lockfileVersion": 2,
  "requires": true,
  "packages": {
    "": {
      "name": "gh-package-dependency-test",
      "version": "1.0.0",
      "license": "ISC",
      "dependencies": {
        "@luiztiago/gh-package-test": "1.0.2"
      }
    },
    "node_modules/@luiztiago/gh-package-test": {
      "version": "1.0.2",
      "resolved": "https://npm.pkg.github.com/download/@luiztiago/gh-package-test/1.0.2/b493b8b6aae3a459771d867de92e7326bb57fd5ede40ceb232bb9e7a66cf8e00",
      "integrity": "sha512-4vpg7O8huCl8mCYcbxffgZwZ0lZ5i2GKTQsZ5rO7Cu+8Lvy2Blwtjnx19keF3025j+l1+vFPDnSttEU/m2JmcA==",
      "license": "ISC"
    }
  },
  "dependencies": {
    "@luiztiago/gh-package-test": {
      "version": "1.0.2",
      "resolved": "https://npm.pkg.github.com/download/@luiztiago/gh-package-test/1.0.2/b493b8b6aae3a459771d867de92e7326bb57fd5ede40ceb232bb9e7a66cf8e00",
      "integrity": "sha512-4vpg7O8huCl8mCYcbxffgZwZ0lZ5i2GKTQsZ5rO7Cu+8Lvy2Blwtjnx19keF3025j+l1+vFPDnSttEU/m2JmcA=="
    }
  }
}
